
Microsoft Visual Studio Solution File, Format Version 12.00
# Visual Studio 15
VisualStudioVersion = 15.0.27130.2010
MinimumVisualStudioVersion = 10.0.40219.1
Project("{FAE04EC0-301F-11D3-BF4B-00C04F79EFBC}") = "KBL.ExceptionManager.Interfaces", "KBL.ExceptionManager.Interfaces\KBL.ExceptionManager.Interfaces.csproj", "{155196ED-6B44-453B-9798-C629C20C0252}"
EndProject
Project("{FAE04EC0-301F-11D3-BF4B-00C04F79EFBC}") = "KBL.ExceptionManager.Model", "KBL.ExceptionManager.Model\KBL.ExceptionManager.Model.csproj", "{8939AB3F-3DFE-4DA4-8738-45095B5799E0}"
EndProject
Global
	GlobalSection(SolutionConfigurationPlatforms) = preSolution
		Debug|Any CPU = Debug|Any CPU
		Release|Any CPU = Release|Any CPU
	EndGlobalSection
	GlobalSection(ProjectConfigurationPlatforms) = postSolution
		{155196ED-6B44-453B-9798-C629C20C0252}.Debug|Any CPU.ActiveCfg = Debug|Any CPU
		{155196ED-6B44-453B-9798-C629C20C0252}.Debug|Any CPU.Build.0 = Debug|Any CPU
		{155196ED-6B44-453B-9798-C629C20C0252}.Release|Any CPU.ActiveCfg = Release|Any CPU
		{155196ED-6B44-453B-9798-C629C20C0252}.Release|Any CPU.Build.0 = Release|Any CPU
		{8939AB3F-3DFE-4DA4-8738-45095B5799E0}.Debug|Any CPU.ActiveCfg = Debug|Any CPU
		{8939AB3F-3DFE-4DA4-8738-45095B5799E0}.Debug|Any CPU.Build.0 = Debug|Any CPU
		{8939AB3F-3DFE-4DA4-8738-45095B5799E0}.Release|Any CPU.ActiveCfg = Release|Any CPU
		{8939AB3F-3DFE-4DA4-8738-45095B5799E0}.Release|Any CPU.Build.0 = Release|Any CPU
	EndGlobalSection
	GlobalSection(SolutionProperties) = preSolution
		HideSolutionNode = FALSE
	EndGlobalSection
	GlobalSection(ExtensibilityGlobals) = postSolution
		SolutionGuid = {1A6D0908-4658-4CEB-9248-9E726AB20CEF}
	EndGlobalSection
EndGlobal
